
Microsoft Visual Studio Solution File, Format Version 12.00
# Visual Studio Version 17
VisualStudioVersion = 17.1.32421.90
MinimumVisualStudioVersion = 10.0.40219.1
Project("{2150E333-8FDC-42A3-9474-1A3956D46DE8}") = "Solution Items", "Solution Items", "{0AA2CDA8-ACC0-434D-B560-94B7081A77FE}"
	ProjectSection(SolutionItems) = preProject
		Shared\DefaultHypermediaRelations.cs = Shared\DefaultHypermediaRelations.cs
		Shared\DefaultMediaTypes.cs = Shared\DefaultMediaTypes.cs
		Directory.Build.props = Directory.Build.props
		..\LICENSE.md = ..\LICENSE.md
		..\README.md = ..\README.md
		..\Roadmap-WAHE.md = ..\Roadmap-WAHE.md
		..\TODO.md = ..\TODO.md
	EndProjectSection
EndProject
Project("{9A19103F-16F7-4668-BE54-9A1E7A4F7556}") = "RESTyard.AspNetCore", "RESTyard.AspNetCore\RESTyard.AspNetCore.csproj", "{36257B82-6BB5-434E-856E-A02FCBE83570}"
EndProject
Project("{9A19103F-16F7-4668-BE54-9A1E7A4F7556}") = "RESTyard.AspNetCore.Test", "RESTyard.AspNetCore.Test\RESTyard.AspNetCore.Test.csproj", "{2BB87C7F-8EB1-4978-8E5B-DB794555D739}"
EndProject
Project("{9A19103F-16F7-4668-BE54-9A1E7A4F7556}") = "CarShack", "CarShack\CarShack.csproj", "{89465847-B042-40A5-853B-E8DAC3160C56}"
EndProject
Project("{9A19103F-16F7-4668-BE54-9A1E7A4F7556}") = "RESTyard.Client", "RESTyard.Client\RESTyard.Client.csproj", "{1E4E6AC2-1E5B-443C-9782-2AD056A750D0}"
EndProject
Project("{9A19103F-16F7-4668-BE54-9A1E7A4F7556}") = "RESTyard.Client.Test", "RESTyard.Client.Test\RESTyard.Client.Test.csproj", "{3FD04265-F0B7-4AFC-A8E9-F4DDF7381CAF}"
EndProject
Project("{9A19103F-16F7-4668-BE54-9A1E7A4F7556}") = "NewtonsoftJson", "RESTyard.Client.Extensions\NewtonsoftJson\NewtonsoftJson.csproj", "{5F5E8A59-5F4F-4527-A811-E527271CF258}"
EndProject
Project("{2150E333-8FDC-42A3-9474-1A3956D46DE8}") = "RESTyard.Client.Extensions", "RESTyard.Client.Extensions", "{E147EF98-0984-43D1-BD4F-F23FE79E22FA}"
EndProject
Project("{9A19103F-16F7-4668-BE54-9A1E7A4F7556}") = "SystemTextJson", "RESTyard.Client.Extensions\SystemTextJson\SystemTextJson.csproj", "{5BE57CD6-D776-4808-84D7-DA86EF511D84}"
EndProject
Project("{9A19103F-16F7-4668-BE54-9A1E7A4F7556}") = "SystemNetHttp", "RESTyard.Client.Extensions\SystemNetHttp\SystemNetHttp.csproj", "{B3001627-20BB-4E03-B80A-532B07D7D859}"
EndProject
Project("{9A19103F-16F7-4668-BE54-9A1E7A4F7556}") = "Extensions.Test", "RESTyard.Client.Extensions\Extensions.Test\Extensions.Test.csproj", "{4FA6CC8F-C0BA-46C2-B5F6-D2B46E5F8DEF}"
EndProject
Project("{9A19103F-16F7-4668-BE54-9A1E7A4F7556}") = "RESTyard.Generator", "RESTyard.ContractFirst\RESTyard.Generator\RESTyard.Generator.csproj", "{444C814C-97AE-4090-A4DA-0E44A4AB9418}"
EndProject
Project("{2150E333-8FDC-42A3-9474-1A3956D46DE8}") = "ContractFirst", "ContractFirst", "{68F696D4-A692-4750-9915-90A2BBED2C89}"
EndProject
Project("{9A19103F-16F7-4668-BE54-9A1E7A4F7556}") = "MicrosoftExtensionsCaching", "RESTyard.Client.Extensions\MicrosoftExtensionsCaching\MicrosoftExtensionsCaching.csproj", "{7C2C3EAE-35D3-4557-92F3-CBB6B545ACBF}"
EndProject
Project("{9A19103F-16F7-4668-BE54-9A1E7A4F7556}") = "MicrosoftExtensionsCaching.Test", "RESTyard.Client.Extensions\MicrosoftExtensionsCaching.Test\MicrosoftExtensionsCaching.Test.csproj", "{43113788-DE87-45F4-BCB6-B7ED05F813F9}"
EndProject
Project("{9A19103F-16F7-4668-BE54-9A1E7A4F7556}") = "Benchmarking", "RESTyard.Client.Extensions\Benchmarking\Benchmarking.csproj", "{A605FF16-E6EF-4365-A728-AC9C97D2023F}"
EndProject
Project("{FAE04EC0-301F-11D3-BF4B-00C04F79EFBC}") = "RESTyard.Integration.Test", "RESTyard.Integration.Test\RESTyard.Integration.Test.csproj", "{ED8B266E-247E-4C59-8630-303BEA3FEEDF}"
EndProject
Project("{FAE04EC0-301F-11D3-BF4B-00C04F79EFBC}") = "RESTyard.Generator.Test", "RESTyard.ContractFirst\RESTyard.Generator.Test\RESTyard.Generator.Test.csproj", "{8E09E37D-B6F2-4523-BD16-EBE605A7B5B3}"
EndProject
Project("{FAE04EC0-301F-11D3-BF4B-00C04F79EFBC}") = "RESTyard.Generator.Test.Output", "RESTyard.ContractFirst\RESTyard.Generator.Test.Output\RESTyard.Generator.Test.Output.csproj", "{8361CD7D-397D-43E3-A09F-7FCB1B6F47A8}"
EndProject
Global
	GlobalSection(SolutionConfigurationPlatforms) = preSolution
		Debug|Any CPU = Debug|Any CPU
		Release|Any CPU = Release|Any CPU
	EndGlobalSection
	GlobalSection(ProjectConfigurationPlatforms) = postSolution
		{36257B82-6BB5-434E-856E-A02FCBE83570}.Debug|Any CPU.ActiveCfg = Debug|Any CPU
		{36257B82-6BB5-434E-856E-A02FCBE83570}.Debug|Any CPU.Build.0 = Debug|Any CPU
		{36257B82-6BB5-434E-856E-A02FCBE83570}.Release|Any CPU.ActiveCfg = Release|Any CPU
		{36257B82-6BB5-434E-856E-A02FCBE83570}.Release|Any CPU.Build.0 = Release|Any CPU
		{2BB87C7F-8EB1-4978-8E5B-DB794555D739}.Debug|Any CPU.ActiveCfg = Debug|Any CPU
		{2BB87C7F-8EB1-4978-8E5B-DB794555D739}.Debug|Any CPU.Build.0 = Debug|Any CPU
		{2BB87C7F-8EB1-4978-8E5B-DB794555D739}.Release|Any CPU.ActiveCfg = Release|Any CPU
		{2BB87C7F-8EB1-4978-8E5B-DB794555D739}.Release|Any CPU.Build.0 = Release|Any CPU
		{89465847-B042-40A5-853B-E8DAC3160C56}.Debug|Any CPU.ActiveCfg = Debug|Any CPU
		{89465847-B042-40A5-853B-E8DAC3160C56}.Debug|Any CPU.Build.0 = Debug|Any CPU
		{89465847-B042-40A5-853B-E8DAC3160C56}.Release|Any CPU.ActiveCfg = Release|Any CPU
		{89465847-B042-40A5-853B-E8DAC3160C56}.Release|Any CPU.Build.0 = Release|Any CPU
		{1E4E6AC2-1E5B-443C-9782-2AD056A750D0}.Debug|Any CPU.ActiveCfg = Debug|Any CPU
		{1E4E6AC2-1E5B-443C-9782-2AD056A750D0}.Debug|Any CPU.Build.0 = Debug|Any CPU
		{1E4E6AC2-1E5B-443C-9782-2AD056A750D0}.Release|Any CPU.ActiveCfg = Release|Any CPU
		{1E4E6AC2-1E5B-443C-9782-2AD056A750D0}.Release|Any CPU.Build.0 = Release|Any CPU
		{3FD04265-F0B7-4AFC-A8E9-F4DDF7381CAF}.Debug|Any CPU.ActiveCfg = Debug|Any CPU
		{3FD04265-F0B7-4AFC-A8E9-F4DDF7381CAF}.Debug|Any CPU.Build.0 = Debug|Any CPU
		{3FD04265-F0B7-4AFC-A8E9-F4DDF7381CAF}.Release|Any CPU.ActiveCfg = Release|Any CPU
		{3FD04265-F0B7-4AFC-A8E9-F4DDF7381CAF}.Release|Any CPU.Build.0 = Release|Any CPU
		{5F5E8A59-5F4F-4527-A811-E527271CF258}.Debug|Any CPU.ActiveCfg = Debug|Any CPU
		{5F5E8A59-5F4F-4527-A811-E527271CF258}.Debug|Any CPU.Build.0 = Debug|Any CPU
		{5F5E8A59-5F4F-4527-A811-E527271CF258}.Release|Any CPU.ActiveCfg = Release|Any CPU
		{5F5E8A59-5F4F-4527-A811-E527271CF258}.Release|Any CPU.Build.0 = Release|Any CPU
		{5BE57CD6-D776-4808-84D7-DA86EF511D84}.Debug|Any CPU.ActiveCfg = Debug|Any CPU
		{5BE57CD6-D776-4808-84D7-DA86EF511D84}.Debug|Any CPU.Build.0 = Debug|Any CPU
		{5BE57CD6-D776-4808-84D7-DA86EF511D84}.Release|Any CPU.ActiveCfg = Release|Any CPU
		{5BE57CD6-D776-4808-84D7-DA86EF511D84}.Release|Any CPU.Build.0 = Release|Any CPU
		{B3001627-20BB-4E03-B80A-532B07D7D859}.Debug|Any CPU.ActiveCfg = Debug|Any CPU
		{B3001627-20BB-4E03-B80A-532B07D7D859}.Debug|Any CPU.Build.0 = Debug|Any CPU
		{B3001627-20BB-4E03-B80A-532B07D7D859}.Release|Any CPU.ActiveCfg = Release|Any CPU
		{B3001627-20BB-4E03-B80A-532B07D7D859}.Release|Any CPU.Build.0 = Release|Any CPU
		{4FA6CC8F-C0BA-46C2-B5F6-D2B46E5F8DEF}.Debug|Any CPU.ActiveCfg = Debug|Any CPU
		{4FA6CC8F-C0BA-46C2-B5F6-D2B46E5F8DEF}.Debug|Any CPU.Build.0 = Debug|Any CPU
		{4FA6CC8F-C0BA-46C2-B5F6-D2B46E5F8DEF}.Release|Any CPU.ActiveCfg = Release|Any CPU
		{4FA6CC8F-C0BA-46C2-B5F6-D2B46E5F8DEF}.Release|Any CPU.Build.0 = Release|Any CPU
		{444C814C-97AE-4090-A4DA-0E44A4AB9418}.Debug|Any CPU.ActiveCfg = Debug|Any CPU
		{444C814C-97AE-4090-A4DA-0E44A4AB9418}.Debug|Any CPU.Build.0 = Debug|Any CPU
		{444C814C-97AE-4090-A4DA-0E44A4AB9418}.Release|Any CPU.ActiveCfg = Release|Any CPU
		{444C814C-97AE-4090-A4DA-0E44A4AB9418}.Release|Any CPU.Build.0 = Release|Any CPU
		{7C2C3EAE-35D3-4557-92F3-CBB6B545ACBF}.Debug|Any CPU.ActiveCfg = Debug|Any CPU
		{7C2C3EAE-35D3-4557-92F3-CBB6B545ACBF}.Debug|Any CPU.Build.0 = Debug|Any CPU
		{7C2C3EAE-35D3-4557-92F3-CBB6B545ACBF}.Release|Any CPU.ActiveCfg = Release|Any CPU
		{7C2C3EAE-35D3-4557-92F3-CBB6B545ACBF}.Release|Any CPU.Build.0 = Release|Any CPU
		{43113788-DE87-45F4-BCB6-B7ED05F813F9}.Debug|Any CPU.ActiveCfg = Debug|Any CPU
		{43113788-DE87-45F4-BCB6-B7ED05F813F9}.Debug|Any CPU.Build.0 = Debug|Any CPU
		{43113788-DE87-45F4-BCB6-B7ED05F813F9}.Release|Any CPU.ActiveCfg = Release|Any CPU
		{43113788-DE87-45F4-BCB6-B7ED05F813F9}.Release|Any CPU.Build.0 = Release|Any CPU
		{A605FF16-E6EF-4365-A728-AC9C97D2023F}.Debug|Any CPU.ActiveCfg = Debug|Any CPU
		{A605FF16-E6EF-4365-A728-AC9C97D2023F}.Debug|Any CPU.Build.0 = Debug|Any CPU
		{A605FF16-E6EF-4365-A728-AC9C97D2023F}.Release|Any CPU.ActiveCfg = Release|Any CPU
		{A605FF16-E6EF-4365-A728-AC9C97D2023F}.Release|Any CPU.Build.0 = Release|Any CPU
		{ED8B266E-247E-4C59-8630-303BEA3FEEDF}.Debug|Any CPU.ActiveCfg = Debug|Any CPU
		{ED8B266E-247E-4C59-8630-303BEA3FEEDF}.Debug|Any CPU.Build.0 = Debug|Any CPU
		{ED8B266E-247E-4C59-8630-303BEA3FEEDF}.Release|Any CPU.ActiveCfg = Release|Any CPU
		{ED8B266E-247E-4C59-8630-303BEA3FEEDF}.Release|Any CPU.Build.0 = Release|Any CPU
		{8E09E37D-B6F2-4523-BD16-EBE605A7B5B3}.Debug|Any CPU.ActiveCfg = Debug|Any CPU
		{8E09E37D-B6F2-4523-BD16-EBE605A7B5B3}.Debug|Any CPU.Build.0 = Debug|Any CPU
		{8E09E37D-B6F2-4523-BD16-EBE605A7B5B3}.Release|Any CPU.ActiveCfg = Release|Any CPU
		{8E09E37D-B6F2-4523-BD16-EBE605A7B5B3}.Release|Any CPU.Build.0 = Release|Any CPU
		{8361CD7D-397D-43E3-A09F-7FCB1B6F47A8}.Debug|Any CPU.ActiveCfg = Debug|Any CPU
		{8361CD7D-397D-43E3-A09F-7FCB1B6F47A8}.Debug|Any CPU.Build.0 = Debug|Any CPU
		{8361CD7D-397D-43E3-A09F-7FCB1B6F47A8}.Release|Any CPU.ActiveCfg = Release|Any CPU
		{8361CD7D-397D-43E3-A09F-7FCB1B6F47A8}.Release|Any CPU.Build.0 = Release|Any CPU
	EndGlobalSection
	GlobalSection(SolutionProperties) = preSolution
		HideSolutionNode = FALSE
	EndGlobalSection
	GlobalSection(NestedProjects) = preSolution
		{5F5E8A59-5F4F-4527-A811-E527271CF258} = {E147EF98-0984-43D1-BD4F-F23FE79E22FA}
		{5BE57CD6-D776-4808-84D7-DA86EF511D84} = {E147EF98-0984-43D1-BD4F-F23FE79E22FA}
		{B3001627-20BB-4E03-B80A-532B07D7D859} = {E147EF98-0984-43D1-BD4F-F23FE79E22FA}
		{4FA6CC8F-C0BA-46C2-B5F6-D2B46E5F8DEF} = {E147EF98-0984-43D1-BD4F-F23FE79E22FA}
		{444C814C-97AE-4090-A4DA-0E44A4AB9418} = {68F696D4-A692-4750-9915-90A2BBED2C89}
		{7C2C3EAE-35D3-4557-92F3-CBB6B545ACBF} = {E147EF98-0984-43D1-BD4F-F23FE79E22FA}
		{43113788-DE87-45F4-BCB6-B7ED05F813F9} = {E147EF98-0984-43D1-BD4F-F23FE79E22FA}
		{A605FF16-E6EF-4365-A728-AC9C97D2023F} = {E147EF98-0984-43D1-BD4F-F23FE79E22FA}
		{8E09E37D-B6F2-4523-BD16-EBE605A7B5B3} = {68F696D4-A692-4750-9915-90A2BBED2C89}
		{8361CD7D-397D-43E3-A09F-7FCB1B6F47A8} = {68F696D4-A692-4750-9915-90A2BBED2C89}
	EndGlobalSection
	GlobalSection(ExtensibilityGlobals) = postSolution
		SolutionGuid = {D610FDC6-5F2C-4F0C-9727-BDEBAC07EE58}
	EndGlobalSection
EndGlobal
